
Microsoft Visual Studio Solution File, Format Version 12.00
# Visual Studio Version 17
VisualStudioVersion = 17.0.32014.148
MinimumVisualStudioVersion = 10.0.40219.1
Project("{FAE04EC0-301F-11D3-BF4B-00C04F79EFBC}") = "container", "container\container.csproj", "{91DC86E0-97C2-4715-8824-7AAED042DDBC}"
EndProject
Global
	GlobalSection(SolutionConfigurationPlatforms) = preSolution
		Debug|Any CPU = Debug|Any CPU
		Release|Any CPU = Release|Any CPU
	EndGlobalSection
	GlobalSection(ProjectConfigurationPlatforms) = postSolution
		{91DC86E0-97C2-4715-8824-7AAED042DDBC}.Debug|Any CPU.ActiveCfg = Debug|Any CPU
		{91DC86E0-97C2-4715-8824-7AAED042DDBC}.Debug|Any CPU.Build.0 = Debug|Any CPU
		{91DC86E0-97C2-4715-8824-7AAED042DDBC}.Release|Any CPU.ActiveCfg = Release|Any CPU
		{91DC86E0-97C2-4715-8824-7AAED042DDBC}.Release|Any CPU.Build.0 = Release|Any CPU
	EndGlobalSection
	GlobalSection(SolutionProperties) = preSolution
		HideSolutionNode = FALSE
	EndGlobalSection
	GlobalSection(ExtensibilityGlobals) = postSolution
		SolutionGuid = {2C0865F2-76EF-4683-A979-9F88BA0D9102}
	EndGlobalSection
EndGlobal
